name: Build tooling lockfile

on:
  push:
    branches:
      - codex/lock-formatting-tooling
  workflow_dispatch:

permissions:
  contents: read

jobs:
  build-lockfile:
    runs-on: ubuntu-latest
    timeout-minutes: 10
    steps:
      - uses: actions/checkout@v7
      - uses: actions/setup-node@v6
        with:
          node-version: 22
      - name: Generate lockfile
        run: npm install --package-lock-only --ignore-scripts
      - uses: actions/upload-artifact@v4
        with:
          name: generated-package-lock
          path: package-lock.json
